# THIS IS AN AUTOGENERATED FILE. DO NOT EDIT THIS FILE DIRECTLY.
# yarn lockfile v1


"@analytics/cookie-utils@^0.2.6":
  version "0.2.6"
  resolved "https://registry.yarnpkg.com/@analytics/cookie-utils/-/cookie-utils-0.2.6.tgz#06903796e90c602281dcdc70f532e340fe18090c"
  integrity sha512-Qf5XNnYsMqxDzCtPebM0Zt5TuKw1cGJiisfM4Gllt3JcNJbKxdzaW669Y547YFjwZI6SnJD+5fGZ6oF7qCjUOg==
  dependencies:
    "@analytics/global-storage-utils" "^0.1.2"

"@analytics/core@^0.10.15":
  version "0.10.15"
  resolved "https://registry.yarnpkg.com/@analytics/core/-/core-0.10.15.tgz#1900c9679fe0bdca386ea787b74b5ad41194a486"
  integrity sha512-ISZcFXMvPVTZlU84ZkAM7z80hwdf3r5xLH5809qiQwn55SVEesxfMdwvxJ8CnPLFpymDywNDj1y8KmyJJ7ugsg==
  dependencies:
    "@analytics/global-storage-utils" "^0.1.2"
    "@analytics/type-utils" "^0.3.1"
    analytics-utils "^1.0.3"

"@analytics/global-storage-utils@^0.1.2":
  version "0.1.2"
  resolved "https://registry.yarnpkg.com/@analytics/global-storage-utils/-/global-storage-utils-0.1.2.tgz#f20c4ce485a6e01fef2601ac96aab7887153d7e2"
  integrity sha512-y4AXZAB+ZKmg1eEu8jLT/tuLG9Owl7uVU0uvI18mlRUd1fGS+DQ8x84ZKmkS5wSdrBIUjGX5Lqkg5o7EjQ5lDA==

"@analytics/localstorage-utils@^0.1.5":
  version "0.1.5"
  resolved "https://registry.yarnpkg.com/@analytics/localstorage-utils/-/localstorage-utils-0.1.5.tgz#65d07bc2d2124a2f2667b2f35d855071dd6c16d8"
  integrity sha512-hEZYoZuO9GbLNCAdWAgsd7afteKOAAa7X8LKEW4CgkGGyEgonmL1MyYK0XJNvrINdCfdIwBDCWsK8vFk1vL4lg==
  dependencies:
    "@analytics/global-storage-utils" "^0.1.2"

"@analytics/storage-utils@^0.2.12":
  version "0.2.12"
  resolved "https://registry.yarnpkg.com/@analytics/storage-utils/-/storage-utils-0.2.12.tgz#cae7597934b76716d8a6a4f6696fb04cffb05861"
  integrity sha512-cuQuV5sgk1vuIwFUFJ5VJv0EsDL84SS4enuCyY9JEcE24wJeC6iUEy6O7OJvVssYpGJsW+i1XSgwCDJTPgkZgg==
  dependencies:
    "@analytics/cookie-utils" "^0.2.6"
    "@analytics/global-storage-utils" "^0.1.2"
    "@analytics/localstorage-utils" "^0.1.5"
    "@analytics/type-utils" "^0.3.1"

"@analytics/type-utils@^0.3.1":
  version "0.3.1"
  resolved "https://registry.yarnpkg.com/@analytics/type-utils/-/type-utils-0.3.1.tgz#49db3a95fd45864e30f6ad43dddf5b78fba562d6"
  integrity sha512-9Ej6c9ulj5DNE29eFk3s49/1b89M8mbQ7BoJEQAQg/k86HOVrAEWQUScr359WVSOyGNBsSYE1qILC3XFTTtgtw==

"@babel/runtime@^7.12.1":
  version "7.15.4"
  resolved "https://registry.yarnpkg.com/@babel/runtime/-/runtime-7.15.4.tgz#fd17d16bfdf878e6dd02d19753a39fa8a8d9c84a"
  integrity sha512-99catp6bHCaxr4sJ/DbTGgHS4+Rs2RVd2g7iOap6SLGPDknRK9ztKNsE/Fg6QhSeh1FGE5f6gHGQmvvn3I3xhw==
  dependencies:
    regenerator-runtime "^0.13.4"

analytics-utils@^1.0.3:
  version "1.0.3"
  resolved "https://registry.yarnpkg.com/analytics-utils/-/analytics-utils-1.0.3.tgz#fcbf2f03720b6b1be12ea9fa7843e08c57a11ec5"
  integrity sha512-zEKtwLa62kdI7+HQ4lsDorBKEI+PIdy1SAaIqLauIZgUISxfkuFLWwabdUkKMdxGPyrDyiuDVbZT9gZFMiicdg==
  dependencies:
    "@analytics/type-utils" "^0.3.1"
    dlv "^1.1.3"

analytics@^0.7.15:
  version "0.7.15"
  resolved "https://registry.yarnpkg.com/analytics/-/analytics-0.7.15.tgz#81a55bbae0a4856a64579f34ef49b942ff0dd0ef"
  integrity sha512-4CNgfGUCgjfSTszAf9LsOgfZzkELXvHXJp/qQnK4nuGm7nq2kHh/3jOltsSTaWxzipzna6lT2qP823vAuttong==
  dependencies:
    "@analytics/core" "^0.10.15"
    "@analytics/storage-utils" "^0.2.12"

dlv@^1.1.3:
  version "1.1.3"
  resolved "https://registry.yarnpkg.com/dlv/-/dlv-1.1.3.tgz#5c198a8a11453596e751494d49874bc7732f2e79"
  integrity sha512-+HlytyjlPKnIG8XuRG8WvmBP8xs8P71y+SKKS6ZXWoEgLuePxtDoUEiH7WkdePWrQ5JBpE6aoVqfZfJUQkjXwA==

hoist-non-react-statics@^3.3.2:
  version "3.3.2"
  resolved "https://registry.yarnpkg.com/hoist-non-react-statics/-/hoist-non-react-statics-3.3.2.tgz#ece0acaf71d62c2969c2ec59feff42a4b1a85b45"
  integrity sha512-/gGivxi8JPKWNm/W0jSmzcMPpfpPLc3dY/6GxhX2hQ9iGj3aDfklV4ET7NjKpSinLpJ5vafa9iiGIEZg10SfBw==
  dependencies:
    react-is "^16.7.0"

mini-create-react-context@^0.4.1:
  version "0.4.1"
  resolved "https://registry.yarnpkg.com/mini-create-react-context/-/mini-create-react-context-0.4.1.tgz#072171561bfdc922da08a60c2197a497cc2d1d5e"
  integrity sha512-YWCYEmd5CQeHGSAKrYvXgmzzkrvssZcuuQDDeqkT+PziKGMgE+0MCCtcKbROzocGBG1meBLl2FotlRwf4gAzbQ==
  dependencies:
    "@babel/runtime" "^7.12.1"
    tiny-warning "^1.0.3"

react-is@^16.7.0:
  version "16.13.1"
  resolved "https://registry.yarnpkg.com/react-is/-/react-is-16.13.1.tgz#789729a4dc36de2999dc156dd6c1d9c18cea56a4"
  integrity sha512-24e6ynE2H+OKt4kqsOvNd8kBpV65zoxbA4BVsEOB3ARVWQki/DHzaUoC5KuON/BiccDaCCTZBuOcfZs70kR8bQ==

regenerator-runtime@^0.13.4:
  version "0.13.9"
  resolved "https://registry.yarnpkg.com/regenerator-runtime/-/regenerator-runtime-0.13.9.tgz#8925742a98ffd90814988d7566ad30ca3b263b52"
  integrity sha512-p3VT+cOEgxFsRRA9X4lkI1E+k2/CtnKtU4gcxyaCUreilL/vqI6CdZ3wxVUx3UOUg+gnUOQQcRI7BmSI656MYA==

tiny-invariant@^1.1.0:
  version "1.1.0"
  resolved "https://registry.yarnpkg.com/tiny-invariant/-/tiny-invariant-1.1.0.tgz#634c5f8efdc27714b7f386c35e6760991d230875"
  integrity sha512-ytxQvrb1cPc9WBEI/HSeYYoGD0kWnGEOR8RY6KomWLBVhqz0RgTwVO9dLrGz7dC+nN9llyI7OKAgRq8Vq4ZBSw==

tiny-warning@^1.0.3:
  version "1.0.3"
  resolved "https://registry.yarnpkg.com/tiny-warning/-/tiny-warning-1.0.3.tgz#94a30db453df4c643d0fd566060d60a875d84754"
  integrity sha512-lBN9zLN/oAf68o3zNXYrdCt1kP8WsiGW8Oo2ka41b2IM5JL/S1CTyX1rW0mb/zSuJun0ZUrDxx4sqvYS2FWzPA==

use-analytics@^0.0.5:
  version "0.0.5"
  resolved "https://registry.yarnpkg.com/use-analytics/-/use-analytics-0.0.5.tgz#5f0f2750c0f3393b8cd1f86a7aecbf02dae415ca"
  integrity sha512-IM+H/ujkJK9cFqg/8O8uyFIRtU/fASYo35USyVNN/T6uswls65f8ZyexFfsAbg4jdqHS5xDyPiHICVxCZtfUpA==
  dependencies:
    hoist-non-react-statics "^3.3.2"
    mini-create-react-context "^0.4.1"
    tiny-invariant "^1.1.0"
